// !$*UTF8*$!
{
	archiveVersion = 1;
	classes = {
	};
	objectVersion = 46;
	objects = {

/* Begin PBXBuildFile section */
		960349141C20ECB0004EB8CD /* NoHistory.xib in Resources */ = {isa = PBXBuildFile; fileRef = 960349131C20ECB0004EB8CD /* NoHistory.xib */; };
		960349161C20F682004EB8CD /* OTCColors.swift in Sources */ = {isa = PBXBuildFile; fileRef = 960349151C20F682004EB8CD /* OTCColors.swift */; };
		96092D961B8D347C000A6BD4 /* MPGTextField.swift in Sources */ = {isa = PBXBuildFile; fileRef = 96092D951B8D347C000A6BD4 /* MPGTextField.swift */; };
		9611DF9A1BED4BF500E54102 /* Utils.swift in Sources */ = {isa = PBXBuildFile; fileRef = 9611DF991BED4BF500E54102 /* Utils.swift */; };
		9615916D1BA48E3D007A573A /* AudioToolbox.framework in Frameworks */ = {isa = PBXBuildFile; fileRef = 9615916C1BA48E3D007A573A /* AudioToolbox.framework */; };
		9615916F1BA48E49007A573A /* CFNetwork.framework in Frameworks */ = {isa = PBXBuildFile; fileRef = 9615916E1BA48E49007A573A /* CFNetwork.framework */; };
		961591711BA48E55007A573A /* CoreGraphics.framework in Frameworks */ = {isa = PBXBuildFile; fileRef = 961591701BA48E55007A573A /* CoreGraphics.framework */; };
		961591731BA48E60007A573A /* CoreLocation.framework in Frameworks */ = {isa = PBXBuildFile; fileRef = 961591721BA48E60007A573A /* CoreLocation.framework */; };
		961591751BA48E71007A573A /* QuartzCore.framework in Frameworks */ = {isa = PBXBuildFile; fileRef = 961591741BA48E71007A573A /* QuartzCore.framework */; };
		961591771BA48E7A007A573A /* Security.framework in Frameworks */ = {isa = PBXBuildFile; fileRef = 961591761BA48E7A007A573A /* Security.framework */; };
		961591791BA48E83007A573A /* StoreKit.framework in Frameworks */ = {isa = PBXBuildFile; fileRef = 961591781BA48E83007A573A /* StoreKit.framework */; };
		9615917B1BA48E8B007A573A /* SystemConfiguration.framework in Frameworks */ = {isa = PBXBuildFile; fileRef = 9615917A1BA48E8B007A573A /* SystemConfiguration.framework */; };
		9615917D1BA48EA4007A573A /* libz.tbd in Frameworks */ = {isa = PBXBuildFile; fileRef = 9615917C1BA48EA4007A573A /* libz.tbd */; };
		9615917F1BA71C6F007A573A /* WorkSession.swift in Sources */ = {isa = PBXBuildFile; fileRef = 9615917E1BA71C6F007A573A /* WorkSession.swift */; };
		96202E791BED15AB001EB6C6 /* DebugViewController.swift in Sources */ = {isa = PBXBuildFile; fileRef = 96202E781BED15AB001EB6C6 /* DebugViewController.swift */; };
		963057BC1C0D106100401840 /* WorkSessionSummaryCell.xib in Resources */ = {isa = PBXBuildFile; fileRef = 963057BB1C0D106100401840 /* WorkSessionSummaryCell.xib */; };
		963057BE1C0D115F00401840 /* WorkSessionSummaryCell.swift in Sources */ = {isa = PBXBuildFile; fileRef = 963057BD1C0D115F00401840 /* WorkSessionSummaryCell.swift */; };
		96630AE31C1F987700332D3B /* WorkSessionFullCell.xib in Resources */ = {isa = PBXBuildFile; fileRef = 96630AE21C1F987700332D3B /* WorkSessionFullCell.xib */; };
		96630AE51C1F993500332D3B /* WorkSessionFullCell.swift in Sources */ = {isa = PBXBuildFile; fileRef = 96630AE41C1F993500332D3B /* WorkSessionFullCell.swift */; };
		96630AE71C1FA9B500332D3B /* MonthHistoryTableViewController.swift in Sources */ = {isa = PBXBuildFile; fileRef = 96630AE61C1FA9B500332D3B /* MonthHistoryTableViewController.swift */; };
		96630AE91C1FB36200332D3B /* WeekHistoryTableViewController.swift in Sources */ = {isa = PBXBuildFile; fileRef = 96630AE81C1FB36200332D3B /* WeekHistoryTableViewController.swift */; };
		96630AEB1C1FB81900332D3B /* DayHistoryTableViewController.swift in Sources */ = {isa = PBXBuildFile; fileRef = 96630AEA1C1FB81900332D3B /* DayHistoryTableViewController.swift */; };
		966B134D1BAC9CA600951E19 /* Activity.swift in Sources */ = {isa = PBXBuildFile; fileRef = 966B134C1BAC9CA600951E19 /* Activity.swift */; };
		966B134F1BACE45B00951E19 /* DataSync.swift in Sources */ = {isa = PBXBuildFile; fileRef = 966B134E1BACE45B00951E19 /* DataSync.swift */; };
		968CC8C71C11FADA00EBF5C5 /* OTCUser.swift in Sources */ = {isa = PBXBuildFile; fileRef = 968CC8C61C11FADA00EBF5C5 /* OTCUser.swift */; };
		969947FC1C1753A70030DDE0 /* HistoryTableViewController.swift in Sources */ = {isa = PBXBuildFile; fileRef = 969947FB1C1753A70030DDE0 /* HistoryTableViewController.swift */; };
		969C9C781C41A9FF00B55EAA /* WorkSessionViewController.swift in Sources */ = {isa = PBXBuildFile; fileRef = 969C9C771C41A9FE00B55EAA /* WorkSessionViewController.swift */; };
		969C9C7A1C41C06000B55EAA /* MonoFont.swift in Sources */ = {isa = PBXBuildFile; fileRef = 969C9C791C41C06000B55EAA /* MonoFont.swift */; };
		96C2490E1B85660F00AF01BE /* AppDelegate.swift in Sources */ = {isa = PBXBuildFile; fileRef = 96C2490D1B85660F00AF01BE /* AppDelegate.swift */; };
		96C249101B85660F00AF01BE /* MainViewController.swift in Sources */ = {isa = PBXBuildFile; fileRef = 96C2490F1B85660F00AF01BE /* MainViewController.swift */; };
		96C249131B85660F00AF01BE /* Main.storyboard in Resources */ = {isa = PBXBuildFile; fileRef = 96C249111B85660F00AF01BE /* Main.storyboard */; };
		96C249151B85660F00AF01BE /* Assets.xcassets in Resources */ = {isa = PBXBuildFile; fileRef = 96C249141B85660F00AF01BE /* Assets.xcassets */; };
		96C249181B85660F00AF01BE /* LaunchScreen.storyboard in Resources */ = {isa = PBXBuildFile; fileRef = 96C249161B85660F00AF01BE /* LaunchScreen.storyboard */; };
		96C249231B85660F00AF01BE /* OnTheClock1Tests.swift in Sources */ = {isa = PBXBuildFile; fileRef = 96C249221B85660F00AF01BE /* OnTheClock1Tests.swift */; };
		96D751B51BEFD65C00778DDE /* MyLoginViewController.swift in Sources */ = {isa = PBXBuildFile; fileRef = 96D751B41BEFD65C00778DDE /* MyLoginViewController.swift */; };
		96D751B71BEFD94200778DDE /* MySignUpViewController.swift in Sources */ = {isa = PBXBuildFile; fileRef = 96D751B61BEFD94200778DDE /* MySignUpViewController.swift */; };
		96D8FE121BAC9638004BFBB3 /* Bolts.framework in Frameworks */ = {isa = PBXBuildFile; fileRef = 96D8FE0F1BAC9638004BFBB3 /* Bolts.framework */; };
		96D8FE131BAC9638004BFBB3 /* Parse.framework in Frameworks */ = {isa = PBXBuildFile; fileRef = 96D8FE101BAC9638004BFBB3 /* Parse.framework */; };
		96D8FE141BAC9638004BFBB3 /* ParseUI.framework in Frameworks */ = {isa = PBXBuildFile; fileRef = 96D8FE111BAC9638004BFBB3 /* ParseUI.framework */; };
		96E8D5A31C484E190087C47B /* OTCData.swift in Sources */ = {isa = PBXBuildFile; fileRef = 96E8D5A21C484E190087C47B /* OTCData.swift */; };
		96E9F45A1B90D6B900EACD26 /* libsqlite3.dylib in Frameworks */ = {isa = PBXBuildFile; fileRef = 96E9F4591B90D6B900EACD26 /* libsqlite3.dylib */; };
		96FDAD7C1C46B84100562E3E /* FMDatabase.m in Sources */ = {isa = PBXBuildFile; fileRef = 96FDAD721C46B84100562E3E /* FMDatabase.m */; };
		96FDAD7D1C46B84100562E3E /* FMDatabaseAdditions.m in Sources */ = {isa = PBXBuildFile; fileRef = 96FDAD741C46B84100562E3E /* FMDatabaseAdditions.m */; };
		96FDAD7E1C46B84100562E3E /* FMDatabasePool.m in Sources */ = {isa = PBXBuildFile; fileRef = 96FDAD761C46B84100562E3E /* FMDatabasePool.m */; };
		96FDAD7F1C46B84100562E3E /* FMDatabaseQueue.m in Sources */ = {isa = PBXBuildFile; fileRef = 96FDAD781C46B84100562E3E /* FMDatabaseQueue.m */; };
		96FDAD801C46B84100562E3E /* FMResultSet.m in Sources */ = {isa = PBXBuildFile; fileRef = 96FDAD7B1C46B84100562E3E /* FMResultSet.m */; };
/* End PBXBuildFile section */

/* Begin PBXContainerItemProxy section */
		96C2491F1B85660F00AF01BE /* PBXContainerItemProxy */ = {
			isa = PBXContainerItemProxy;
			containerPortal = 96C249021B85660F00AF01BE /* Project object */;
			proxyType = 1;
			remoteGlobalIDString = 96C249091B85660F00AF01BE;
			remoteInfo = OnTheClock1;
		};
/* End PBXContainerItemProxy section */

/* Begin PBXFileReference section */
		960349131C20ECB0004EB8CD /* NoHistory.xib */ = {isa = PBXFileReference; fileEncoding = 4; lastKnownFileType = file.xib; name = NoHistory.xib; path = ../NoHistory.xib; sourceTree = "<group>"; };
		960349151C20F682004EB8CD /* OTCColors.swift */ = {isa = PBXFileReference; fileEncoding = 4; lastKnownFileType = sourcecode.swift; path = OTCColors.swift; sourceTree = "<group>"; };
		96092D951B8D347C000A6BD4 /* MPGTextField.swift */ = {isa = PBXFileReference; fileEncoding = 4; lastKnownFileType = sourcecode.swift; path = MPGTextField.swift; sourceTree = "<group>"; };
		96092DAF1B90D57B000A6BD4 /* libsqlite3.tbd */ = {isa = PBXFileReference; lastKnownFileType = "sourcecode.text-based-dylib-definition"; name = libsqlite3.tbd; path = usr/lib/libsqlite3.tbd; sourceTree = SDKROOT; };
		9611DF991BED4BF500E54102 /* Utils.swift */ = {isa = PBXFileReference; fileEncoding = 4; lastKnownFileType = sourcecode.swift; path = Utils.swift; sourceTree = "<group>"; };
		9615916C1BA48E3D007A573A /* AudioToolbox.framework */ = {isa = PBXFileReference; lastKnownFileType = wrapper.framework; name = AudioToolbox.framework; path = System/Library/Frameworks/AudioToolbox.framework; sourceTree = SDKROOT; };
		9615916E1BA48E49007A573A /* CFNetwork.framework */ = {isa = PBXFileReference; lastKnownFileType = wrapper.framework; name = CFNetwork.framework; path = System/Library/Frameworks/CFNetwork.framework; sourceTree = SDKROOT; };
		961591701BA48E55007A573A /* CoreGraphics.framework */ = {isa = PBXFileReference; lastKnownFileType = wrapper.framework; name = CoreGraphics.framework; path = System/Library/Frameworks/CoreGraphics.framework; sourceTree = SDKROOT; };
		961591721BA48E60007A573A /* CoreLocation.framework */ = {isa = PBXFileReference; lastKnownFileType = wrapper.framework; name = CoreLocation.framework; path = System/Library/Frameworks/CoreLocation.framework; sourceTree = SDKROOT; };
		961591741BA48E71007A573A /* QuartzCore.framework */ = {isa = PBXFileReference; lastKnownFileType = wrapper.framework; name = QuartzCore.framework; path = System/Library/Frameworks/QuartzCore.framework; sourceTree = SDKROOT; };
		961591761BA48E7A007A573A /* Security.framework */ = {isa = PBXFileReference; lastKnownFileType = wrapper.framework; name = Security.framework; path = System/Library/Frameworks/Security.framework; sourceTree = SDKROOT; };
		961591781BA48E83007A573A /* StoreKit.framework */ = {isa = PBXFileReference; lastKnownFileType = wrapper.framework; name = StoreKit.framework; path = System/Library/Frameworks/StoreKit.framework; sourceTree = SDKROOT; };
		9615917A1BA48E8B007A573A /* SystemConfiguration.framework */ = {isa = PBXFileReference; lastKnownFileType = wrapper.framework; name = SystemConfiguration.framework; path = System/Library/Frameworks/SystemConfiguration.framework; sourceTree = SDKROOT; };
		9615917C1BA48EA4007A573A /* libz.tbd */ = {isa = PBXFileReference; lastKnownFileType = "sourcecode.text-based-dylib-definition"; name = libz.tbd; path = usr/lib/libz.tbd; sourceTree = SDKROOT; };
		9615917E1BA71C6F007A573A /* WorkSession.swift */ = {isa = PBXFileReference; fileEncoding = 4; lastKnownFileType = sourcecode.swift; path = WorkSession.swift; sourceTree = "<group>"; };
		96202E781BED15AB001EB6C6 /* DebugViewController.swift */ = {isa = PBXFileReference; fileEncoding = 4; lastKnownFileType = sourcecode.swift; path = DebugViewController.swift; sourceTree = "<group>"; };
		963057BB1C0D106100401840 /* WorkSessionSummaryCell.xib */ = {isa = PBXFileReference; fileEncoding = 4; lastKnownFileType = file.xib; name = WorkSessionSummaryCell.xib; path = ../WorkSessionSummaryCell.xib; sourceTree = "<group>"; };
		963057BD1C0D115F00401840 /* WorkSessionSummaryCell.swift */ = {isa = PBXFileReference; fileEncoding = 4; lastKnownFileType = sourcecode.swift; path = WorkSessionSummaryCell.swift; sourceTree = "<group>"; };
		96630AE21C1F987700332D3B /* WorkSessionFullCell.xib */ = {isa = PBXFileReference; fileEncoding = 4; lastKnownFileType = file.xib; path = WorkSessionFullCell.xib; sourceTree = "<group>"; };
		96630AE41C1F993500332D3B /* WorkSessionFullCell.swift */ = {isa = PBXFileReference; fileEncoding = 4; lastKnownFileType = sourcecode.swift; path = WorkSessionFullCell.swift; sourceTree = "<group>"; };
		96630AE61C1FA9B500332D3B /* MonthHistoryTableViewController.swift */ = {isa = PBXFileReference; fileEncoding = 4; lastKnownFileType = sourcecode.swift; path = MonthHistoryTableViewController.swift; sourceTree = "<group>"; };
		96630AE81C1FB36200332D3B /* WeekHistoryTableViewController.swift */ = {isa = PBXFileReference; fileEncoding = 4; lastKnownFileType = sourcecode.swift; path = WeekHistoryTableViewController.swift; sourceTree = "<group>"; };
		96630AEA1C1FB81900332D3B /* DayHistoryTableViewController.swift */ = {isa = PBXFileReference; fileEncoding = 4; lastKnownFileType = sourcecode.swift; path = DayHistoryTableViewController.swift; sourceTree = "<group>"; };
		966B134C1BAC9CA600951E19 /* Activity.swift */ = {isa = PBXFileReference; fileEncoding = 4; lastKnownFileType = sourcecode.swift; path = Activity.swift; sourceTree = "<group>"; };
		966B134E1BACE45B00951E19 /* DataSync.swift */ = {isa = PBXFileReference; fileEncoding = 4; lastKnownFileType = sourcecode.swift; path = DataSync.swift; sourceTree = "<group>"; };
		968CC8C61C11FADA00EBF5C5 /* OTCUser.swift */ = {isa = PBXFileReference; fileEncoding = 4; lastKnownFileType = sourcecode.swift; path = OTCUser.swift; sourceTree = "<group>"; };
		969947FB1C1753A70030DDE0 /* HistoryTableViewController.swift */ = {isa = PBXFileReference; fileEncoding = 4; lastKnownFileType = sourcecode.swift; path = HistoryTableViewController.swift; sourceTree = "<group>"; };
		969C9C771C41A9FE00B55EAA /* WorkSessionViewController.swift */ = {isa = PBXFileReference; fileEncoding = 4; lastKnownFileType = sourcecode.swift; path = WorkSessionViewController.swift; sourceTree = "<group>"; };
		969C9C791C41C06000B55EAA /* MonoFont.swift */ = {isa = PBXFileReference; fileEncoding = 4; lastKnownFileType = sourcecode.swift; path = MonoFont.swift; sourceTree = "<group>"; };
		96C2490A1B85660F00AF01BE /* NowStep.app */ = {isa = PBXFileReference; explicitFileType = wrapper.application; includeInIndex = 0; path = NowStep.app; sourceTree = BUILT_PRODUCTS_DIR; };
		96C2490D1B85660F00AF01BE /* AppDelegate.swift */ = {isa = PBXFileReference; lastKnownFileType = sourcecode.swift; path = AppDelegate.swift; sourceTree = "<group>"; };
		96C2490F1B85660F00AF01BE /* MainViewController.swift */ = {isa = PBXFileReference; lastKnownFileType = sourcecode.swift; path = MainViewController.swift; sourceTree = "<group>"; };
		96C249121B85660F00AF01BE /* Base */ = {isa = PBXFileReference; lastKnownFileType = file.storyboard; name = Base; path = Base.lproj/Main.storyboard; sourceTree = "<group>"; };
		96C249141B85660F00AF01BE /* Assets.xcassets */ = {isa = PBXFileReference; lastKnownFileType = folder.assetcatalog; path = Assets.xcassets; sourceTree = "<group>"; };
		96C249171B85660F00AF01BE /* Base */ = {isa = PBXFileReference; lastKnownFileType = file.storyboard; name = Base; path = Base.lproj/LaunchScreen.storyboard; sourceTree = "<group>"; };
		96C249191B85660F00AF01BE /* Info.plist */ = {isa = PBXFileReference; lastKnownFileType = text.plist.xml; path = Info.plist; sourceTree = "<group>"; };
		96C2491E1B85660F00AF01BE /* OnTheClock1Tests.xctest */ = {isa = PBXFileReference; explicitFileType = wrapper.cfbundle; includeInIndex = 0; path = OnTheClock1Tests.xctest; sourceTree = BUILT_PRODUCTS_DIR; };
		96C249221B85660F00AF01BE /* OnTheClock1Tests.swift */ = {isa = PBXFileReference; lastKnownFileType = sourcecode.swift; path = OnTheClock1Tests.swift; sourceTree = "<group>"; };
		96C249241B85660F00AF01BE /* Info.plist */ = {isa = PBXFileReference; lastKnownFileType = text.plist.xml; path = Info.plist; sourceTree = "<group>"; };
		96D751B41BEFD65C00778DDE /* MyLoginViewController.swift */ = {isa = PBXFileReference; fileEncoding = 4; lastKnownFileType = sourcecode.swift; path = MyLoginViewController.swift; sourceTree = "<group>"; };
		96D751B61BEFD94200778DDE /* MySignUpViewController.swift */ = {isa = PBXFileReference; fileEncoding = 4; lastKnownFileType = sourcecode.swift; path = MySignUpViewController.swift; sourceTree = "<group>"; };
		96D8FE0F1BAC9638004BFBB3 /* Bolts.framework */ = {isa = PBXFileReference; lastKnownFileType = wrapper.framework; name = Bolts.framework; path = Frameworks/Bolts.framework; sourceTree = "<group>"; };
		96D8FE101BAC9638004BFBB3 /* Parse.framework */ = {isa = PBXFileReference; lastKnownFileType = wrapper.framework; name = Parse.framework; path = Frameworks/Parse.framework; sourceTree = "<group>"; };
		96D8FE111BAC9638004BFBB3 /* ParseUI.framework */ = {isa = PBXFileReference; lastKnownFileType = wrapper.framework; name = ParseUI.framework; path = Frameworks/ParseUI.framework; sourceTree = "<group>"; };
		96E8D5A21C484E190087C47B /* OTCData.swift */ = {isa = PBXFileReference; fileEncoding = 4; lastKnownFileType = sourcecode.swift; path = OTCData.swift; sourceTree = "<group>"; };
		96E9F4591B90D6B900EACD26 /* libsqlite3.dylib */ = {isa = PBXFileReference; lastKnownFileType = "compiled.mach-o.dylib"; name = libsqlite3.dylib; path = /usr/lib/libsqlite3.dylib; sourceTree = "<absolute>"; };
		96FC38241B99FCBD005B2D36 /* OnTheClock1-Bridging-Header.h */ = {isa = PBXFileReference; fileEncoding = 4; lastKnownFileType = sourcecode.c.h; path = "OnTheClock1-Bridging-Header.h"; sourceTree = "<group>"; };
		96FDAD711C46B84100562E3E /* FMDatabase.h */ = {isa = PBXFileReference; fileEncoding = 4; lastKnownFileType = sourcecode.c.h; path = FMDatabase.h; sourceTree = "<group>"; };
		96FDAD721C46B84100562E3E /* FMDatabase.m */ = {isa = PBXFileReference; fileEncoding = 4; lastKnownFileType = sourcecode.c.objc; path = FMDatabase.m; sourceTree = "<group>"; };
		96FDAD731C46B84100562E3E /* FMDatabaseAdditions.h */ = {isa = PBXFileReference; fileEncoding = 4; lastKnownFileType = sourcecode.c.h; path = FMDatabaseAdditions.h; sourceTree = "<group>"; };
		96FDAD741C46B84100562E3E /* FMDatabaseAdditions.m */ = {isa = PBXFileReference; fileEncoding = 4; lastKnownFileType = sourcecode.c.objc; path = FMDatabaseAdditions.m; sourceTree = "<group>"; };
		96FDAD751C46B84100562E3E /* FMDatabasePool.h */ = {isa = PBXFileReference; fileEncoding = 4; lastKnownFileType = sourcecode.c.h; path = FMDatabasePool.h; sourceTree = "<group>"; };
		96FDAD761C46B84100562E3E /* FMDatabasePool.m */ = {isa = PBXFileReference; fileEncoding = 4; lastKnownFileType = sourcecode.c.objc; path = FMDatabasePool.m; sourceTree = "<group>"; };
		96FDAD771C46B84100562E3E /* FMDatabaseQueue.h */ = {isa = PBXFileReference; fileEncoding = 4; lastKnownFileType = sourcecode.c.h; path = FMDatabaseQueue.h; sourceTree = "<group>"; };
		96FDAD781C46B84100562E3E /* FMDatabaseQueue.m */ = {isa = PBXFileReference; fileEncoding = 4; lastKnownFileType = sourcecode.c.objc; path = FMDatabaseQueue.m; sourceTree = "<group>"; };
		96FDAD791C46B84100562E3E /* FMDB.h */ = {isa = PBXFileReference; fileEncoding = 4; lastKnownFileType = sourcecode.c.h; path = FMDB.h; sourceTree = "<group>"; };
		96FDAD7A1C46B84100562E3E /* FMResultSet.h */ = {isa = PBXFileReference; fileEncoding = 4; lastKnownFileType = sourcecode.c.h; path = FMResultSet.h; sourceTree = "<group>"; };
		96FDAD7B1C46B84100562E3E /* FMResultSet.m */ = {isa = PBXFileReference; fileEncoding = 4; lastKnownFileType = sourcecode.c.objc; path = FMResultSet.m; sourceTree = "<group>"; };
/* End PBXFileReference section */

/* Begin PBXFrameworksBuildPhase section */
		96C249071B85660F00AF01BE /* Frameworks */ = {
			isa = PBXFrameworksBuildPhase;
			buildActionMask = 2147483647;
			files = (
				9615917D1BA48EA4007A573A /* libz.tbd in Frameworks */,
				9615917B1BA48E8B007A573A /* SystemConfiguration.framework in Frameworks */,
				961591791BA48E83007A573A /* StoreKit.framework in Frameworks */,
				961591771BA48E7A007A573A /* Security.framework in Frameworks */,
				961591751BA48E71007A573A /* QuartzCore.framework in Frameworks */,
				961591731BA48E60007A573A /* CoreLocation.framework in Frameworks */,
				961591711BA48E55007A573A /* CoreGraphics.framework in Frameworks */,
				9615916F1BA48E49007A573A /* CFNetwork.framework in Frameworks */,
				96D8FE121BAC9638004BFBB3 /* Bolts.framework in Frameworks */,
				9615916D1BA48E3D007A573A /* AudioToolbox.framework in Frameworks */,
				96D8FE131BAC9638004BFBB3 /* Parse.framework in Frameworks */,
				96E9F45A1B90D6B900EACD26 /* libsqlite3.dylib in Frameworks */,
				96D8FE141BAC9638004BFBB3 /* ParseUI.framework in Frameworks */,
			);
			runOnlyForDeploymentPostprocessing = 0;
		};
		96C2491B1B85660F00AF01BE /* Frameworks */ = {
			isa = PBXFrameworksBuildPhase;
			buildActionMask = 2147483647;
			files = (
			);
			runOnlyForDeploymentPostprocessing = 0;
		};
/* End PBXFrameworksBuildPhase section */

/* Begin PBXGroup section */
		960A27411C23577B003F9ECB /* History */ = {
			isa = PBXGroup;
			children = (
				963057BB1C0D106100401840 /* WorkSessionSummaryCell.xib */,
				963057BD1C0D115F00401840 /* WorkSessionSummaryCell.swift */,
				96630AE21C1F987700332D3B /* WorkSessionFullCell.xib */,
				96630AE41C1F993500332D3B /* WorkSessionFullCell.swift */,
				969947FB1C1753A70030DDE0 /* HistoryTableViewController.swift */,
				96630AE61C1FA9B500332D3B /* MonthHistoryTableViewController.swift */,
				96630AE81C1FB36200332D3B /* WeekHistoryTableViewController.swift */,
				96630AEA1C1FB81900332D3B /* DayHistoryTableViewController.swift */,
				960349131C20ECB0004EB8CD /* NoHistory.xib */,
			);
			name = History;
			sourceTree = "<group>";
		};
		960AE5FD1BAC6FF1001DD11D /* Frameworks */ = {
			isa = PBXGroup;
			children = (
				96D8FE0F1BAC9638004BFBB3 /* Bolts.framework */,
				96D8FE101BAC9638004BFBB3 /* Parse.framework */,
				96D8FE111BAC9638004BFBB3 /* ParseUI.framework */,
				9615917C1BA48EA4007A573A /* libz.tbd */,
				96E9F4591B90D6B900EACD26 /* libsqlite3.dylib */,
				96092DAF1B90D57B000A6BD4 /* libsqlite3.tbd */,
				9615917A1BA48E8B007A573A /* SystemConfiguration.framework */,
				961591781BA48E83007A573A /* StoreKit.framework */,
				961591761BA48E7A007A573A /* Security.framework */,
				961591741BA48E71007A573A /* QuartzCore.framework */,
				961591721BA48E60007A573A /* CoreLocation.framework */,
				961591701BA48E55007A573A /* CoreGraphics.framework */,
				9615916E1BA48E49007A573A /* CFNetwork.framework */,
				9615916C1BA48E3D007A573A /* AudioToolbox.framework */,
			);
			name = Frameworks;
			sourceTree = "<group>";
		};
		9612CCAC1C051902000FC5BB /* supporting files */ = {
			isa = PBXGroup;
			children = (
				96FDAD701C46B7F800562E3E /* fmdb */,
				969C9C791C41C06000B55EAA /* MonoFont.swift */,
				96C249161B85660F00AF01BE /* LaunchScreen.storyboard */,
				96FC38241B99FCBD005B2D36 /* OnTheClock1-Bridging-Header.h */,
				96092D951B8D347C000A6BD4 /* MPGTextField.swift */,
				96C249191B85660F00AF01BE /* Info.plist */,
				960349151C20F682004EB8CD /* OTCColors.swift */,
			);
			name = "supporting files";
			sourceTree = "<group>";
		};
		96C249011B85660F00AF01BE = {
			isa = PBXGroup;
			children = (
				960AE5FD1BAC6FF1001DD11D /* Frameworks */,
				96C2490C1B85660F00AF01BE /* OnTheClock1 */,
				96C249211B85660F00AF01BE /* OnTheClock1Tests */,
				96C2490B1B85660F00AF01BE /* Products */,
			);
			sourceTree = "<group>";
		};
		96C2490B1B85660F00AF01BE /* Products */ = {
			isa = PBXGroup;
			children = (
				96C2490A1B85660F00AF01BE /* NowStep.app */,
				96C2491E1B85660F00AF01BE /* OnTheClock1Tests.xctest */,
			);
			name = Products;
			sourceTree = "<group>";
		};
		96C2490C1B85660F00AF01BE /* OnTheClock1 */ = {
			isa = PBXGroup;
			children = (
				96C249141B85660F00AF01BE /* Assets.xcassets */,
				96C249111B85660F00AF01BE /* Main.storyboard */,
				96C2490D1B85660F00AF01BE /* AppDelegate.swift */,
				960A27411C23577B003F9ECB /* History */,
				96C2490F1B85660F00AF01BE /* MainViewController.swift */,
				969C9C771C41A9FE00B55EAA /* WorkSessionViewController.swift */,
				966B134C1BAC9CA600951E19 /* Activity.swift */,
				968CC8C61C11FADA00EBF5C5 /* OTCUser.swift */,
				9615917E1BA71C6F007A573A /* WorkSession.swift */,
				96E8D5A21C484E190087C47B /* OTCData.swift */,
				966B134E1BACE45B00951E19 /* DataSync.swift */,
				9611DF991BED4BF500E54102 /* Utils.swift */,
				96D751B41BEFD65C00778DDE /* MyLoginViewController.swift */,
				96D751B61BEFD94200778DDE /* MySignUpViewController.swift */,
				96202E781BED15AB001EB6C6 /* DebugViewController.swift */,
				9612CCAC1C051902000FC5BB /* supporting files */,
			);
			path = OnTheClock1;
			sourceTree = "<group>";
		};
		96C249211B85660F00AF01BE /* OnTheClock1Tests */ = {
			isa = PBXGroup;
			children = (
				96C249221B85660F00AF01BE /* OnTheClock1Tests.swift */,
				96C249241B85660F00AF01BE /* Info.plist */,
			);
			path = OnTheClock1Tests;
			sourceTree = "<group>";
		};
		96FDAD701C46B7F800562E3E /* fmdb */ = {
			isa = PBXGroup;
			children = (
				96FDAD711C46B84100562E3E /* FMDatabase.h */,
				96FDAD721C46B84100562E3E /* FMDatabase.m */,
				96FDAD731C46B84100562E3E /* FMDatabaseAdditions.h */,
				96FDAD741C46B84100562E3E /* FMDatabaseAdditions.m */,
				96FDAD751C46B84100562E3E /* FMDatabasePool.h */,
				96FDAD761C46B84100562E3E /* FMDatabasePool.m */,
				96FDAD771C46B84100562E3E /* FMDatabaseQueue.h */,
				96FDAD781C46B84100562E3E /* FMDatabaseQueue.m */,
				96FDAD791C46B84100562E3E /* FMDB.h */,
				96FDAD7A1C46B84100562E3E /* FMResultSet.h */,
				96FDAD7B1C46B84100562E3E /* FMResultSet.m */,
			);
			name = fmdb;
			sourceTree = "<group>";
		};
/* End PBXGroup section */

/* Begin PBXNativeTarget section */
		96C249091B85660F00AF01BE /* OnTheClock1 */ = {
			isa = PBXNativeTarget;
			buildConfigurationList = 96C249271B85660F00AF01BE /* Build configuration list for PBXNativeTarget "OnTheClock1" */;
			buildPhases = (
				96C249061B85660F00AF01BE /* Sources */,
				96C249071B85660F00AF01BE /* Frameworks */,
				96C249081B85660F00AF01BE /* Resources */,
			);
			buildRules = (
			);
			dependencies = (
			);
			name = OnTheClock1;
			productName = OnTheClock1;
			productReference = 96C2490A1B85660F00AF01BE /* NowStep.app */;
			productType = "com.apple.product-type.application";
		};
		96C2491D1B85660F00AF01BE /* OnTheClock1Tests */ = {
			isa = PBXNativeTarget;
			buildConfigurationList = 96C2492A1B85660F00AF01BE /* Build configuration list for PBXNativeTarget "OnTheClock1Tests" */;
			buildPhases = (
				96C2491A1B85660F00AF01BE /* Sources */,
				96C2491B1B85660F00AF01BE /* Frameworks */,
				96C2491C1B85660F00AF01BE /* Resources */,
			);
			buildRules = (
			);
			dependencies = (
				96C249201B85660F00AF01BE /* PBXTargetDependency */,
			);
			name = OnTheClock1Tests;
			productName = OnTheClock1Tests;
			productReference = 96C2491E1B85660F00AF01BE /* OnTheClock1Tests.xctest */;
			productType = "com.apple.product-type.bundle.unit-test";
		};
/* End PBXNativeTarget section */

/* Begin PBXProject section */
		96C249021B85660F00AF01BE /* Project object */ = {
			isa = PBXProject;
			attributes = {
				LastSwiftUpdateCheck = 0700;
				LastUpgradeCheck = 0700;
				ORGANIZATIONNAME = "Mark Sanford";
				TargetAttributes = {
					96C249091B85660F00AF01BE = {
						CreatedOnToolsVersion = 7.0;
						DevelopmentTeam = 2CQFH84Z46;
					};
					96C2491D1B85660F00AF01BE = {
						CreatedOnToolsVersion = 7.0;
						TestTargetID = 96C249091B85660F00AF01BE;
					};
				};
			};
			buildConfigurationList = 96C249051B85660F00AF01BE /* Build configuration list for PBXProject "OnTheClock1" */;
			compatibilityVersion = "Xcode 3.2";
			developmentRegion = English;
			hasScannedForEncodings = 0;
			knownRegions = (
				en,
				Base,
			);
			mainGroup = 96C249011B85660F00AF01BE;
			productRefGroup = 96C2490B1B85660F00AF01BE /* Products */;
			projectDirPath = "";
			projectRoot = "";
			targets = (
				96C249091B85660F00AF01BE /* OnTheClock1 */,
				96C2491D1B85660F00AF01BE /* OnTheClock1Tests */,
			);
		};
/* End PBXProject section */

/* Begin PBXResourcesBuildPhase section */
		96C249081B85660F00AF01BE /* Resources */ = {
			isa = PBXResourcesBuildPhase;
			buildActionMask = 2147483647;
			files = (
				963057BC1C0D106100401840 /* WorkSessionSummaryCell.xib in Resources */,
				96630AE31C1F987700332D3B /* WorkSessionFullCell.xib in Resources */,
				96C249181B85660F00AF01BE /* LaunchScreen.storyboard in Resources */,
				960349141C20ECB0004EB8CD /* NoHistory.xib in Resources */,
				96C249151B85660F00AF01BE /* Assets.xcassets in Resources */,
				96C249131B85660F00AF01BE /* Main.storyboard in Resources */,
			);
			runOnlyForDeploymentPostprocessing = 0;
		};
		96C2491C1B85660F00AF01BE /* Resources */ = {
			isa = PBXResourcesBuildPhase;
			buildActionMask = 2147483647;
			files = (
			);
			runOnlyForDeploymentPostprocessing = 0;
		};
/* End PBXResourcesBuildPhase section */

/* Begin PBXSourcesBuildPhase section */
		96C249061B85660F00AF01BE /* Sources */ = {
			isa = PBXSourcesBuildPhase;
			buildActionMask = 2147483647;
			files = (
				96630AE91C1FB36200332D3B /* WeekHistoryTableViewController.swift in Sources */,
				969C9C7A1C41C06000B55EAA /* MonoFont.swift in Sources */,
				96092D961B8D347C000A6BD4 /* MPGTextField.swift in Sources */,
				96FDAD7E1C46B84100562E3E /* FMDatabasePool.m in Sources */,
				96FDAD7C1C46B84100562E3E /* FMDatabase.m in Sources */,
				960349161C20F682004EB8CD /* OTCColors.swift in Sources */,
				96630AEB1C1FB81900332D3B /* DayHistoryTableViewController.swift in Sources */,
				966B134D1BAC9CA600951E19 /* Activity.swift in Sources */,
				96FDAD7D1C46B84100562E3E /* FMDatabaseAdditions.m in Sources */,
				969C9C781C41A9FF00B55EAA /* WorkSessionViewController.swift in Sources */,
				96C249101B85660F00AF01BE /* MainViewController.swift in Sources */,
				9611DF9A1BED4BF500E54102 /* Utils.swift in Sources */,
				96D751B71BEFD94200778DDE /* MySignUpViewController.swift in Sources */,
				96D751B51BEFD65C00778DDE /* MyLoginViewController.swift in Sources */,
				966B134F1BACE45B00951E19 /* DataSync.swift in Sources */,
				96630AE51C1F993500332D3B /* WorkSessionFullCell.swift in Sources */,
				96E8D5A31C484E190087C47B /* OTCData.swift in Sources */,
				96202E791BED15AB001EB6C6 /* DebugViewController.swift in Sources */,
				96FDAD7F1C46B84100562E3E /* FMDatabaseQueue.m in Sources */,
				96C2490E1B85660F00AF01BE /* AppDelegate.swift in Sources */,
				96FDAD801C46B84100562E3E /* FMResultSet.m in Sources */,
				963057BE1C0D115F00401840 /* WorkSessionSummaryCell.swift in Sources */,
				969947FC1C1753A70030DDE0 /* HistoryTableViewController.swift in Sources */,
				96630AE71C1FA9B500332D3B /* MonthHistoryTableViewController.swift in Sources */,
				968CC8C71C11FADA00EBF5C5 /* OTCUser.swift in Sources */,
				9615917F1BA71C6F007A573A /* WorkSession.swift in Sources */,
			);
			runOnlyForDeploymentPostprocessing = 0;
		};
		96C2491A1B85660F00AF01BE /* Sources */ = {
			isa = PBXSourcesBuildPhase;
			buildActionMask = 2147483647;
			files = (
				96C249231B85660F00AF01BE /* OnTheClock1Tests.swift in Sources */,
			);
			runOnlyForDeploymentPostprocessing = 0;
		};
/* End PBXSourcesBuildPhase section */

/* Begin PBXTargetDependency section */
		96C249201B85660F00AF01BE /* PBXTargetDependency */ = {
			isa = PBXTargetDependency;
			target = 96C249091B85660F00AF01BE /* OnTheClock1 */;
			targetProxy = 96C2491F1B85660F00AF01BE /* PBXContainerItemProxy */;
		};
/* End PBXTargetDependency section */

/* Begin PBXVariantGroup section */
		96C249111B85660F00AF01BE /* Main.storyboard */ = {
			isa = PBXVariantGroup;
			children = (
				96C249121B85660F00AF01BE /* Base */,
			);
			name = Main.storyboard;
			sourceTree = "<group>";
		};
		96C249161B85660F00AF01BE /* LaunchScreen.storyboard */ = {
			isa = PBXVariantGroup;
			children = (
				96C249171B85660F00AF01BE /* Base */,
			);
			name = LaunchScreen.storyboard;
			sourceTree = "<group>";
		};
/* End PBXVariantGroup section */

/* Begin XCBuildConfiguration section */
		96C249251B85660F00AF01BE /* Debug */ = {
			isa = XCBuildConfiguration;
			buildSettings = {
				ALWAYS_SEARCH_USER_PATHS = NO;
				CLANG_CXX_LANGUAGE_STANDARD = "gnu++0x";
				CLANG_CXX_LIBRARY = "libc++";
				CLANG_ENABLE_MODULES = YES;
				CLANG_ENABLE_OBJC_ARC = YES;
				CLANG_WARN_BOOL_CONVERSION = YES;
				CLANG_WARN_CONSTANT_CONVERSION = YES;
				CLANG_WARN_DIRECT_OBJC_ISA_USAGE = YES_ERROR;
				CLANG_WARN_EMPTY_BODY = YES;
				CLANG_WARN_ENUM_CONVERSION = YES;
				CLANG_WARN_INT_CONVERSION = YES;
				CLANG_WARN_OBJC_ROOT_CLASS = YES_ERROR;
				CLANG_WARN_UNREACHABLE_CODE = YES;
				CLANG_WARN__DUPLICATE_METHOD_MATCH = YES;
				"CODE_SIGN_IDENTITY[sdk=iphoneos*]" = "iPhone Developer";
				COPY_PHASE_STRIP = NO;
				DEBUG_INFORMATION_FORMAT = dwarf;
				ENABLE_STRICT_OBJC_MSGSEND = YES;
				ENABLE_TESTABILITY = YES;
				GCC_C_LANGUAGE_STANDARD = gnu99;
				GCC_DYNAMIC_NO_PIC = NO;
				GCC_NO_COMMON_BLOCKS = YES;
				GCC_OPTIMIZATION_LEVEL = 0;
				GCC_PREPROCESSOR_DEFINITIONS = (
					"DEBUG=1",
					"$(inherited)",
				);
				GCC_WARN_64_TO_32_BIT_CONVERSION = YES;
				GCC_WARN_ABOUT_RETURN_TYPE = YES_ERROR;
				GCC_WARN_UNDECLARED_SELECTOR = YES;
				GCC_WARN_UNINITIALIZED_AUTOS = YES_AGGRESSIVE;
				GCC_WARN_UNUSED_FUNCTION = YES;
				GCC_WARN_UNUSED_VARIABLE = YES;
				IPHONEOS_DEPLOYMENT_TARGET = 9.0;
				MTL_ENABLE_DEBUG_INFO = YES;
				ONLY_ACTIVE_ARCH = YES;
				SDKROOT = iphoneos;
				SWIFT_OPTIMIZATION_LEVEL = "-Onone";
				TARGETED_DEVICE_FAMILY = "1,2";
			};
			name = Debug;
		};
		96C249261B85660F00AF01BE /* Release */ = {
			isa = XCBuildConfiguration;
			buildSettings = {
				ALWAYS_SEARCH_USER_PATHS = NO;
				CLANG_CXX_LANGUAGE_STANDARD = "gnu++0x";
				CLANG_CXX_LIBRARY = "libc++";
				CLANG_ENABLE_MODULES = YES;
				CLANG_ENABLE_OBJC_ARC = YES;
				CLANG_WARN_BOOL_CONVERSION = YES;
				CLANG_WARN_CONSTANT_CONVERSION = YES;
				CLANG_WARN_DIRECT_OBJC_ISA_USAGE = YES_ERROR;
				CLANG_WARN_EMPTY_BODY = YES;
				CLANG_WARN_ENUM_CONVERSION = YES;
				CLANG_WARN_INT_CONVERSION = YES;
				CLANG_WARN_OBJC_ROOT_CLASS = YES_ERROR;
				CLANG_WARN_UNREACHABLE_CODE = YES;
				CLANG_WARN__DUPLICATE_METHOD_MATCH = YES;
				"CODE_SIGN_IDENTITY[sdk=iphoneos*]" = "iPhone Developer";
				COPY_PHASE_STRIP = NO;
				DEBUG_INFORMATION_FORMAT = "dwarf-with-dsym";
				ENABLE_NS_ASSERTIONS = NO;
				ENABLE_STRICT_OBJC_MSGSEND = YES;
				GCC_C_LANGUAGE_STANDARD = gnu99;
				GCC_NO_COMMON_BLOCKS = YES;
				GCC_WARN_64_TO_32_BIT_CONVERSION = YES;
				GCC_WARN_ABOUT_RETURN_TYPE = YES_ERROR;
				GCC_WARN_UNDECLARED_SELECTOR = YES;
				GCC_WARN_UNINITIALIZED_AUTOS = YES_AGGRESSIVE;
				GCC_WARN_UNUSED_FUNCTION = YES;
				GCC_WARN_UNUSED_VARIABLE = YES;
				IPHONEOS_DEPLOYMENT_TARGET = 9.0;
				MTL_ENABLE_DEBUG_INFO = NO;
				SDKROOT = iphoneos;
				TARGETED_DEVICE_FAMILY = "1,2";
				VALIDATE_PRODUCT = YES;
			};
			name = Release;
		};
		96C249281B85660F00AF01BE /* Debug */ = {
			isa = XCBuildConfiguration;
			buildSettings = {
				ALWAYS_SEARCH_USER_PATHS = YES;
				ASSETCATALOG_COMPILER_APPICON_NAME = AppIcon;
				CLANG_ENABLE_MODULES = YES;
				CODE_SIGN_IDENTITY = "iPhone Developer";
				"CODE_SIGN_IDENTITY[sdk=iphoneos*]" = "iPhone Developer";
				FRAMEWORK_SEARCH_PATHS = (
					"$(inherited)",
					"$(PROJECT_DIR)/**",
				);
				INFOPLIST_FILE = OnTheClock1/Info.plist;
				IPHONEOS_DEPLOYMENT_TARGET = 9.0;
				LD_RUNPATH_SEARCH_PATHS = "$(inherited) @executable_path/Frameworks";
				PRODUCT_BUNDLE_IDENTIFIER = me.marksanford.OnTheClock1;
				PRODUCT_NAME = NowStep;
				PROVISIONING_PROFILE = "";
				SCAN_ALL_SOURCE_FILES_FOR_INCLUDES = NO;
				SWIFT_OBJC_BRIDGING_HEADER = "OnTheClock1/OnTheClock1-Bridging-Header.h";
				SWIFT_OPTIMIZATION_LEVEL = "-Onone";
			};
			name = Debug;
		};
		96C249291B85660F00AF01BE /* Release */ = {
			isa = XCBuildConfiguration;
			buildSettings = {
				ALWAYS_SEARCH_USER_PATHS = YES;
				ASSETCATALOG_COMPILER_APPICON_NAME = AppIcon;
				CLANG_ENABLE_MODULES = YES;
				CODE_SIGN_IDENTITY = "iPhone Developer";
				"CODE_SIGN_IDENTITY[sdk=iphoneos*]" = "iPhone Developer";
				FRAMEWORK_SEARCH_PATHS = (
					"$(inherited)",
					"$(PROJECT_DIR)/**",
				);
				INFOPLIST_FILE = OnTheClock1/Info.plist;
				IPHONEOS_DEPLOYMENT_TARGET = 9.0;
				LD_RUNPATH_SEARCH_PATHS = "$(inherited) @executable_path/Frameworks";
				PRODUCT_BUNDLE_IDENTIFIER = me.marksanford.OnTheClock1;
				PRODUCT_NAME = NowStep;
				PROVISIONING_PROFILE = "";
				SCAN_ALL_SOURCE_FILES_FOR_INCLUDES = NO;
				SWIFT_OBJC_BRIDGING_HEADER = "OnTheClock1/OnTheClock1-Bridging-Header.h";
			};
			name = Release;
		};
		96C2492B1B85660F00AF01BE /* Debug */ = {
			isa = XCBuildConfiguration;
			buildSettings = {
				BUNDLE_LOADER = "$(TEST_HOST)";
				INFOPLIST_FILE = OnTheClock1Tests/Info.plist;
				LD_RUNPATH_SEARCH_PATHS = "$(inherited) @executable_path/Frameworks @loader_path/Frameworks";
				PRODUCT_BUNDLE_IDENTIFIER = me.marksanford.OnTheClock1Tests;
				PRODUCT_NAME = "$(TARGET_NAME)";
				TEST_HOST = "$(BUILT_PRODUCTS_DIR)/OnTheClock1.app/OnTheClock1";
			};
			name = Debug;
		};
		96C2492C1B85660F00AF01BE /* Release */ = {
			isa = XCBuildConfiguration;
			buildSettings = {
				BUNDLE_LOADER = "$(TEST_HOST)";
				INFOPLIST_FILE = OnTheClock1Tests/Info.plist;
				LD_RUNPATH_SEARCH_PATHS = "$(inherited) @executable_path/Frameworks @loader_path/Frameworks";
				PRODUCT_BUNDLE_IDENTIFIER = me.marksanford.OnTheClock1Tests;
				PRODUCT_NAME = "$(TARGET_NAME)";
				TEST_HOST = "$(BUILT_PRODUCTS_DIR)/OnTheClock1.app/OnTheClock1";
			};
			name = Release;
		};
/* End XCBuildConfiguration section */

/* Begin XCConfigurationList section */
		96C249051B85660F00AF01BE /* Build configuration list for PBXProject "OnTheClock1" */ = {
			isa = XCConfigurationList;
			buildConfigurations = (
				96C249251B85660F00AF01BE /* Debug */,
				96C249261B85660F00AF01BE /* Release */,
			);
			defaultConfigurationIsVisible = 0;
			defaultConfigurationName = Release;
		};
		96C249271B85660F00AF01BE /* Build configuration list for PBXNativeTarget "OnTheClock1" */ = {
			isa = XCConfigurationList;
			buildConfigurations = (
				96C249281B85660F00AF01BE /* Debug */,
				96C249291B85660F00AF01BE /* Release */,
			);
			defaultConfigurationIsVisible = 0;
			defaultConfigurationName = Release;
		};
		96C2492A1B85660F00AF01BE /* Build configuration list for PBXNativeTarget "OnTheClock1Tests" */ = {
			isa = XCConfigurationList;
			buildConfigurations = (
				96C2492B1B85660F00AF01BE /* Debug */,
				96C2492C1B85660F00AF01BE /* Release */,
			);
			defaultConfigurationIsVisible = 0;
			defaultConfigurationName = Release;
		};
/* End XCConfigurationList section */
	};
	rootObject = 96C249021B85660F00AF01BE /* Project object */;
}
